
Microsoft Visual Studio Solution File, Format Version 12.00
# Visual Studio Version 17
VisualStudioVersion = 17.14.36717.8 d17.14
MinimumVisualStudioVersion = 10.0.40219.1
Project("{FAE04EC0-301F-11D3-BF4B-00C04F79EFBC}") = "DonutChartSolution", "DonutChartSolution\DonutChartSolution.csproj", "{6694D75C-62C9-41DD-A94B-067AD4675379}"
EndProject
Project("{FAE04EC0-301F-11D3-BF4B-00C04F79EFBC}") = "DonutChartSolution.Tests", "DonutChartSolution.Tests\DonutChartSolution.Tests.csproj", "{72A39F3B-3014-4160-B604-898EBB11ADFD}"
EndProject
Global
	GlobalSection(SolutionConfigurationPlatforms) = preSolution
		Debug|Any CPU = Debug|Any CPU
		Release|Any CPU = Release|Any CPU
	EndGlobalSection
	GlobalSection(ProjectConfigurationPlatforms) = postSolution
		{6694D75C-62C9-41DD-A94B-067AD4675379}.Debug|Any CPU.ActiveCfg = Debug|Any CPU
		{6694D75C-62C9-41DD-A94B-067AD4675379}.Debug|Any CPU.Build.0 = Debug|Any CPU
		{6694D75C-62C9-41DD-A94B-067AD4675379}.Release|Any CPU.ActiveCfg = Release|Any CPU
		{6694D75C-62C9-41DD-A94B-067AD4675379}.Release|Any CPU.Build.0 = Release|Any CPU
		{72A39F3B-3014-4160-B604-898EBB11ADFD}.Debug|Any CPU.ActiveCfg = Debug|Any CPU
		{72A39F3B-3014-4160-B604-898EBB11ADFD}.Debug|Any CPU.Build.0 = Debug|Any CPU
		{72A39F3B-3014-4160-B604-898EBB11ADFD}.Release|Any CPU.ActiveCfg = Release|Any CPU
		{72A39F3B-3014-4160-B604-898EBB11ADFD}.Release|Any CPU.Build.0 = Release|Any CPU
	EndGlobalSection
	GlobalSection(SolutionProperties) = preSolution
		HideSolutionNode = FALSE
	EndGlobalSection
	GlobalSection(ExtensibilityGlobals) = postSolution
		SolutionGuid = {00DE6F48-EEBB-48DD-9C41-70D53F66F1E5}
	EndGlobalSection
EndGlobal
