
Microsoft Visual Studio Solution File, Format Version 12.00
# Visual Studio Version 17
VisualStudioVersion = 17.14.36717.8 d17.14
MinimumVisualStudioVersion = 10.0.40219.1
Project("{FAE04EC0-301F-11D3-BF4B-00C04F79EFBC}") = "DonutChartSolution", "DonutChartSolution\DonutChartSolution.csproj", "{6A5BAFFE-3A44-440B-8B88-ABDD767E88F4}"
EndProject
Project("{FAE04EC0-301F-11D3-BF4B-00C04F79EFBC}") = "DonutChartSolution.Tests", "DonutChartSolution.Tests\DonutChartSolution.Tests.csproj", "{832197C5-653D-479B-8F63-A4EADF044D66}"
EndProject
Global
	GlobalSection(SolutionConfigurationPlatforms) = preSolution
		Debug|Any CPU = Debug|Any CPU
		Release|Any CPU = Release|Any CPU
	EndGlobalSection
	GlobalSection(ProjectConfigurationPlatforms) = postSolution
		{6A5BAFFE-3A44-440B-8B88-ABDD767E88F4}.Debug|Any CPU.ActiveCfg = Debug|Any CPU
		{6A5BAFFE-3A44-440B-8B88-ABDD767E88F4}.Debug|Any CPU.Build.0 = Debug|Any CPU
		{6A5BAFFE-3A44-440B-8B88-ABDD767E88F4}.Release|Any CPU.ActiveCfg = Release|Any CPU
		{6A5BAFFE-3A44-440B-8B88-ABDD767E88F4}.Release|Any CPU.Build.0 = Release|Any CPU
		{832197C5-653D-479B-8F63-A4EADF044D66}.Debug|Any CPU.ActiveCfg = Debug|Any CPU
		{832197C5-653D-479B-8F63-A4EADF044D66}.Debug|Any CPU.Build.0 = Debug|Any CPU
		{832197C5-653D-479B-8F63-A4EADF044D66}.Release|Any CPU.ActiveCfg = Release|Any CPU
		{832197C5-653D-479B-8F63-A4EADF044D66}.Release|Any CPU.Build.0 = Release|Any CPU
	EndGlobalSection
	GlobalSection(SolutionProperties) = preSolution
		HideSolutionNode = FALSE
	EndGlobalSection
	GlobalSection(ExtensibilityGlobals) = postSolution
		SolutionGuid = {2373B952-3CBB-40DD-B647-78941660A495}
	EndGlobalSection
EndGlobal
